
Microsoft Visual Studio Solution File, Format Version 12.00
# Visual Studio Version 16
VisualStudioVersion = 16.0.29411.108
MinimumVisualStudioVersion = 10.0.40219.1
Project("{FAE04EC0-301F-11D3-BF4B-00C04F79EFBC}") = "HealthApp", "HealthApp\HealthApp\HealthApp.csproj", "{90E46CC5-E2FA-4FC4-AC26-00BDE771BF64}"
EndProject
Project("{FAE04EC0-301F-11D3-BF4B-00C04F79EFBC}") = "HealthApp.Android", "HealthApp\HealthApp.Android\HealthApp.Android.csproj", "{C8883BE0-B947-4AF7-B9C0-9A033D2C1FA4}"
EndProject
Project("{FAE04EC0-301F-11D3-BF4B-00C04F79EFBC}") = "HealthApp.iOS", "HealthApp\HealthApp.iOS\HealthApp.iOS.csproj", "{CE411B15-6FB0-42BA-AF8B-856FA443F1EF}"
EndProject
Global
	GlobalSection(SolutionConfigurationPlatforms) = preSolution
		Ad-Hoc|Any CPU = Ad-Hoc|Any CPU
		Ad-Hoc|iPhone = Ad-Hoc|iPhone
		Ad-Hoc|iPhoneSimulator = Ad-Hoc|iPhoneSimulator
		AppStore|Any CPU = AppStore|Any CPU
		AppStore|iPhone = AppStore|iPhone
		AppStore|iPhoneSimulator = AppStore|iPhoneSimulator
		Debug|Any CPU = Debug|Any CPU
		Debug|iPhone = Debug|iPhone
		Debug|iPhoneSimulator = Debug|iPhoneSimulator
		Release|Any CPU = Release|Any CPU
		Release|iPhone = Release|iPhone
		Release|iPhoneSimulator = Release|iPhoneSimulator
	EndGlobalSection
	GlobalSection(ProjectConfigurationPlatforms) = postSolution
		{90E46CC5-E2FA-4FC4-AC26-00BDE771BF64}.Ad-Hoc|Any CPU.ActiveCfg = Debug|Any CPU
		{90E46CC5-E2FA-4FC4-AC26-00BDE771BF64}.Ad-Hoc|Any CPU.Build.0 = Debug|Any CPU
		{90E46CC5-E2FA-4FC4-AC26-00BDE771BF64}.Ad-Hoc|iPhone.ActiveCfg = Debug|Any CPU
		{90E46CC5-E2FA-4FC4-AC26-00BDE771BF64}.Ad-Hoc|iPhone.Build.0 = Debug|Any CPU
		{90E46CC5-E2FA-4FC4-AC26-00BDE771BF64}.Ad-Hoc|iPhoneSimulator.ActiveCfg = Debug|Any CPU
		{90E46CC5-E2FA-4FC4-AC26-00BDE771BF64}.Ad-Hoc|iPhoneSimulator.Build.0 = Debug|Any CPU
		{90E46CC5-E2FA-4FC4-AC26-00BDE771BF64}.AppStore|Any CPU.ActiveCfg = Debug|Any CPU
		{90E46CC5-E2FA-4FC4-AC26-00BDE771BF64}.AppStore|Any CPU.Build.0 = Debug|Any CPU
		{90E46CC5-E2FA-4FC4-AC26-00BDE771BF64}.AppStore|iPhone.ActiveCfg = Debug|Any CPU
		{90E46CC5-E2FA-4FC4-AC26-00BDE771BF64}.AppStore|iPhone.Build.0 = Debug|Any CPU
		{90E46CC5-E2FA-4FC4-AC26-00BDE771BF64}.AppStore|iPhoneSimulator.ActiveCfg = Debug|Any CPU
		{90E46CC5-E2FA-4FC4-AC26-00BDE771BF64}.AppStore|iPhoneSimulator.Build.0 = Debug|Any CPU
		{90E46CC5-E2FA-4FC4-AC26-00BDE771BF64}.Debug|Any CPU.ActiveCfg = Debug|Any CPU
		{90E46CC5-E2FA-4FC4-AC26-00BDE771BF64}.Debug|Any CPU.Build.0 = Debug|Any CPU
		{90E46CC5-E2FA-4FC4-AC26-00BDE771BF64}.Debug|iPhone.ActiveCfg = Debug|Any CPU
		{90E46CC5-E2FA-4FC4-AC26-00BDE771BF64}.Debug|iPhone.Build.0 = Debug|Any CPU
		{90E46CC5-E2FA-4FC4-AC26-00BDE771BF64}.Debug|iPhoneSimulator.ActiveCfg = Debug|Any CPU
		{90E46CC5-E2FA-4FC4-AC26-00BDE771BF64}.Debug|iPhoneSimulator.Build.0 = Debug|Any CPU
		{90E46CC5-E2FA-4FC4-AC26-00BDE771BF64}.Release|Any CPU.ActiveCfg = Release|Any CPU
		{90E46CC5-E2FA-4FC4-AC26-00BDE771BF64}.Release|Any CPU.Build.0 = Release|Any CPU
		{90E46CC5-E2FA-4FC4-AC26-00BDE771BF64}.Release|iPhone.ActiveCfg = Release|Any CPU
		{90E46CC5-E2FA-4FC4-AC26-00BDE771BF64}.Release|iPhone.Build.0 = Release|Any CPU
		{90E46CC5-E2FA-4FC4-AC26-00BDE771BF64}.Release|iPhoneSimulator.ActiveCfg = Release|Any CPU
		{90E46CC5-E2FA-4FC4-AC26-00BDE771BF64}.Release|iPhoneSimulator.Build.0 = Release|Any CPU
		{C8883BE0-B947-4AF7-B9C0-9A033D2C1FA4}.Ad-Hoc|Any CPU.ActiveCfg = Release|Any CPU
		{C8883BE0-B947-4AF7-B9C0-9A033D2C1FA4}.Ad-Hoc|Any CPU.Build.0 = Release|Any CPU
		{C8883BE0-B947-4AF7-B9C0-9A033D2C1FA4}.Ad-Hoc|Any CPU.Deploy.0 = Release|Any CPU
		{C8883BE0-B947-4AF7-B9C0-9A033D2C1FA4}.Ad-Hoc|iPhone.ActiveCfg = Release|Any CPU
		{C8883BE0-B947-4AF7-B9C0-9A033D2C1FA4}.Ad-Hoc|iPhone.Build.0 = Release|Any CPU
		{C8883BE0-B947-4AF7-B9C0-9A033D2C1FA4}.Ad-Hoc|iPhone.Deploy.0 = Release|Any CPU
		{C8883BE0-B947-4AF7-B9C0-9A033D2C1FA4}.Ad-Hoc|iPhoneSimulator.ActiveCfg = Release|Any CPU
		{C8883BE0-B947-4AF7-B9C0-9A033D2C1FA4}.Ad-Hoc|iPhoneSimulator.Build.0 = Release|Any CPU
		{C8883BE0-B947-4AF7-B9C0-9A033D2C1FA4}.Ad-Hoc|iPhoneSimulator.Deploy.0 = Release|Any CPU
		{C8883BE0-B947-4AF7-B9C0-9A033D2C1FA4}.AppStore|Any CPU.ActiveCfg = Release|Any CPU
		{C8883BE0-B947-4AF7-B9C0-9A033D2C1FA4}.AppStore|Any CPU.Build.0 = Release|Any CPU
		{C8883BE0-B947-4AF7-B9C0-9A033D2C1FA4}.AppStore|Any CPU.Deploy.0 = Release|Any CPU
		{C8883BE0-B947-4AF7-B9C0-9A033D2C1FA4}.AppStore|iPhone.ActiveCfg = Release|Any CPU
		{C8883BE0-B947-4AF7-B9C0-9A033D2C1FA4}.AppStore|iPhone.Build.0 = Release|Any CPU
		{C8883BE0-B947-4AF7-B9C0-9A033D2C1FA4}.AppStore|iPhone.Deploy.0 = Release|Any CPU
		{C8883BE0-B947-4AF7-B9C0-9A033D2C1FA4}.AppStore|iPhoneSimulator.ActiveCfg = Release|Any CPU
		{C8883BE0-B947-4AF7-B9C0-9A033D2C1FA4}.AppStore|iPhoneSimulator.Build.0 = Release|Any CPU
		{C8883BE0-B947-4AF7-B9C0-9A033D2C1FA4}.AppStore|iPhoneSimulator.Deploy.0 = Release|Any CPU
		{C8883BE0-B947-4AF7-B9C0-9A033D2C1FA4}.Debug|Any CPU.ActiveCfg = Debug|Any CPU
		{C8883BE0-B947-4AF7-B9C0-9A033D2C1FA4}.Debug|Any CPU.Build.0 = Debug|Any CPU
		{C8883BE0-B947-4AF7-B9C0-9A033D2C1FA4}.Debug|Any CPU.Deploy.0 = Debug|Any CPU
		{C8883BE0-B947-4AF7-B9C0-9A033D2C1FA4}.Debug|iPhone.ActiveCfg = Debug|Any CPU
		{C8883BE0-B947-4AF7-B9C0-9A033D2C1FA4}.Debug|iPhone.Build.0 = Debug|Any CPU
		{C8883BE0-B947-4AF7-B9C0-9A033D2C1FA4}.Debug|iPhone.Deploy.0 = Debug|Any CPU
		{C8883BE0-B947-4AF7-B9C0-9A033D2C1FA4}.Debug|iPhoneSimulator.ActiveCfg = Debug|Any CPU
		{C8883BE0-B947-4AF7-B9C0-9A033D2C1FA4}.Debug|iPhoneSimulator.Build.0 = Debug|Any CPU
		{C8883BE0-B947-4AF7-B9C0-9A033D2C1FA4}.Debug|iPhoneSimulator.Deploy.0 = Debug|Any CPU
		{C8883BE0-B947-4AF7-B9C0-9A033D2C1FA4}.Release|Any CPU.ActiveCfg = Release|Any CPU
		{C8883BE0-B947-4AF7-B9C0-9A033D2C1FA4}.Release|Any CPU.Build.0 = Release|Any CPU
		{C8883BE0-B947-4AF7-B9C0-9A033D2C1FA4}.Release|Any CPU.Deploy.0 = Release|Any CPU
		{C8883BE0-B947-4AF7-B9C0-9A033D2C1FA4}.Release|iPhone.ActiveCfg = Release|Any CPU
		{C8883BE0-B947-4AF7-B9C0-9A033D2C1FA4}.Release|iPhone.Build.0 = Release|Any CPU
		{C8883BE0-B947-4AF7-B9C0-9A033D2C1FA4}.Release|iPhone.Deploy.0 = Release|Any CPU
		{C8883BE0-B947-4AF7-B9C0-9A033D2C1FA4}.Release|iPhoneSimulator.ActiveCfg = Release|Any CPU
		{C8883BE0-B947-4AF7-B9C0-9A033D2C1FA4}.Release|iPhoneSimulator.Build.0 = Release|Any CPU
		{C8883BE0-B947-4AF7-B9C0-9A033D2C1FA4}.Release|iPhoneSimulator.Deploy.0 = Release|Any CPU
		{CE411B15-6FB0-42BA-AF8B-856FA443F1EF}.Ad-Hoc|Any CPU.ActiveCfg = Ad-Hoc|iPhone
		{CE411B15-6FB0-42BA-AF8B-856FA443F1EF}.Ad-Hoc|iPhone.ActiveCfg = Ad-Hoc|iPhone
		{CE411B15-6FB0-42BA-AF8B-856FA443F1EF}.Ad-Hoc|iPhone.Build.0 = Ad-Hoc|iPhone
		{CE411B15-6FB0-42BA-AF8B-856FA443F1EF}.Ad-Hoc|iPhoneSimulator.ActiveCfg = Ad-Hoc|iPhoneSimulator
		{CE411B15-6FB0-42BA-AF8B-856FA443F1EF}.Ad-Hoc|iPhoneSimulator.Build.0 = Ad-Hoc|iPhoneSimulator
		{CE411B15-6FB0-42BA-AF8B-856FA443F1EF}.AppStore|Any CPU.ActiveCfg = AppStore|iPhone
		{CE411B15-6FB0-42BA-AF8B-856FA443F1EF}.AppStore|iPhone.ActiveCfg = AppStore|iPhone
		{CE411B15-6FB0-42BA-AF8B-856FA443F1EF}.AppStore|iPhone.Build.0 = AppStore|iPhone
		{CE411B15-6FB0-42BA-AF8B-856FA443F1EF}.AppStore|iPhoneSimulator.ActiveCfg = AppStore|iPhoneSimulator
		{CE411B15-6FB0-42BA-AF8B-856FA443F1EF}.AppStore|iPhoneSimulator.Build.0 = AppStore|iPhoneSimulator
		{CE411B15-6FB0-42BA-AF8B-856FA443F1EF}.Debug|Any CPU.ActiveCfg = Debug|iPhone
		{CE411B15-6FB0-42BA-AF8B-856FA443F1EF}.Debug|iPhone.ActiveCfg = Debug|iPhone
		{CE411B15-6FB0-42BA-AF8B-856FA443F1EF}.Debug|iPhone.Build.0 = Debug|iPhone
		{CE411B15-6FB0-42BA-AF8B-856FA443F1EF}.Debug|iPhoneSimulator.ActiveCfg = Debug|iPhoneSimulator
		{CE411B15-6FB0-42BA-AF8B-856FA443F1EF}.Debug|iPhoneSimulator.Build.0 = Debug|iPhoneSimulator
		{CE411B15-6FB0-42BA-AF8B-856FA443F1EF}.Release|Any CPU.ActiveCfg = Release|iPhone
		{CE411B15-6FB0-42BA-AF8B-856FA443F1EF}.Release|iPhone.ActiveCfg = Release|iPhone
		{CE411B15-6FB0-42BA-AF8B-856FA443F1EF}.Release|iPhone.Build.0 = Release|iPhone
		{CE411B15-6FB0-42BA-AF8B-856FA443F1EF}.Release|iPhoneSimulator.ActiveCfg = Release|iPhoneSimulator
		{CE411B15-6FB0-42BA-AF8B-856FA443F1EF}.Release|iPhoneSimulator.Build.0 = Release|iPhoneSimulator
	EndGlobalSection
	GlobalSection(SolutionProperties) = preSolution
		HideSolutionNode = FALSE
	EndGlobalSection
	GlobalSection(ExtensibilityGlobals) = postSolution
		SolutionGuid = {63AB3ABB-D8BB-438D-8F2B-0848697F205F}
	EndGlobalSection
EndGlobal
